
Microsoft Visual Studio Solution File, Format Version 12.00
# Visual Studio Version 16
VisualStudioVersion = 16.0.32228.343
MinimumVisualStudioVersion = 10.0.40219.1
Project("{FAE04EC0-301F-11D3-BF4B-00C04F79EFBC}") = "NavigationDrawerExample", "NavigationDrawerExample\NavigationDrawerExample.csproj", "{2BE29619-083D-4E45-AABC-B1E990DBD90C}"
EndProject
Global
	GlobalSection(SolutionConfigurationPlatforms) = preSolution
		Debug|Any CPU = Debug|Any CPU
		Release|Any CPU = Release|Any CPU
	EndGlobalSection
	GlobalSection(ProjectConfigurationPlatforms) = postSolution
		{2BE29619-083D-4E45-AABC-B1E990DBD90C}.Debug|Any CPU.ActiveCfg = Debug|Any CPU
		{2BE29619-083D-4E45-AABC-B1E990DBD90C}.Debug|Any CPU.Build.0 = Debug|Any CPU
		{2BE29619-083D-4E45-AABC-B1E990DBD90C}.Debug|Any CPU.Deploy.0 = Debug|Any CPU
		{2BE29619-083D-4E45-AABC-B1E990DBD90C}.Release|Any CPU.ActiveCfg = Release|Any CPU
		{2BE29619-083D-4E45-AABC-B1E990DBD90C}.Release|Any CPU.Build.0 = Release|Any CPU
		{2BE29619-083D-4E45-AABC-B1E990DBD90C}.Release|Any CPU.Deploy.0 = Release|Any CPU
	EndGlobalSection
	GlobalSection(SolutionProperties) = preSolution
		HideSolutionNode = FALSE
	EndGlobalSection
	GlobalSection(ExtensibilityGlobals) = postSolution
		SolutionGuid = {E6D73870-11AC-4770-AFC7-9A82A1AB9F4E}
	EndGlobalSection
EndGlobal
